
Microsoft Visual Studio Solution File, Format Version 12.00
# Visual Studio Version 17
VisualStudioVersion = 17.7.34202.233
MinimumVisualStudioVersion = 10.0.40219.1
Project("{FAE04EC0-301F-11D3-BF4B-00C04F79EFBC}") = "trocelot", "trocelot\trocelot.csproj", "{BF4BEC04-8C06-4961-8FB6-F5AE1C714625}"
EndProject
Global
	GlobalSection(SolutionConfigurationPlatforms) = preSolution
		Debug|Any CPU = Debug|Any CPU
		Release|Any CPU = Release|Any CPU
	EndGlobalSection
	GlobalSection(ProjectConfigurationPlatforms) = postSolution
		{BF4BEC04-8C06-4961-8FB6-F5AE1C714625}.Debug|Any CPU.ActiveCfg = Debug|Any CPU
		{BF4BEC04-8C06-4961-8FB6-F5AE1C714625}.Debug|Any CPU.Build.0 = Debug|Any CPU
		{BF4BEC04-8C06-4961-8FB6-F5AE1C714625}.Release|Any CPU.ActiveCfg = Release|Any CPU
		{BF4BEC04-8C06-4961-8FB6-F5AE1C714625}.Release|Any CPU.Build.0 = Release|Any CPU
	EndGlobalSection
	GlobalSection(SolutionProperties) = preSolution
		HideSolutionNode = FALSE
	EndGlobalSection
	GlobalSection(ExtensibilityGlobals) = postSolution
		SolutionGuid = {99AA59E2-84E1-4E19-AD33-A31405AB4BDE}
	EndGlobalSection
EndGlobal
